Microsoft Visual Studio Solution File, Format Version 12.00
# Visual Studio Version 17
VisualStudioVersion = 17.5.2.0
MinimumVisualStudioVersion = 10.0.40219.1
Project("{FAE04EC0-301F-11D3-BF4B-00C04F79EFBC}") = "17_radioActiveVampireMutantBunnies_v2", "17_radioActiveVampireMutantBunnies_v2.csproj", "{79D768AD-79ED-16CE-B29B-BDD8D4CCA517}"
EndProject
Global
	GlobalSection(SolutionConfigurationPlatforms) = preSolution
		Debug|Any CPU = Debug|Any CPU
		Release|Any CPU = Release|Any CPU
	EndGlobalSection
	GlobalSection(ProjectConfigurationPlatforms) = postSolution
		{79D768AD-79ED-16CE-B29B-BDD8D4CCA517}.Debug|Any CPU.ActiveCfg = Debug|Any CPU
		{79D768AD-79ED-16CE-B29B-BDD8D4CCA517}.Debug|Any CPU.Build.0 = Debug|Any CPU
		{79D768AD-79ED-16CE-B29B-BDD8D4CCA517}.Release|Any CPU.ActiveCfg = Release|Any CPU
		{79D768AD-79ED-16CE-B29B-BDD8D4CCA517}.Release|Any CPU.Build.0 = Release|Any CPU
	EndGlobalSection
	GlobalSection(SolutionProperties) = preSolution
		HideSolutionNode = FALSE
	EndGlobalSection
	GlobalSection(ExtensibilityGlobals) = postSolution
		SolutionGuid = {854FA2BB-8DB5-4BF6-9FBF-6899A467DF3A}
	EndGlobalSection
EndGlobal
