Microsoft Visual Studio Solution File, Format Version 12.00
# Visual Studio Version 17
VisualStudioVersion = 17.5.2.0
MinimumVisualStudioVersion = 10.0.40219.1
Project("{FAE04EC0-301F-11D3-BF4B-00C04F79EFBC}") = "02_SimpleCalculator_LAB", "02_SimpleCalculator_LAB.csproj", "{8A4EA43E-B6D1-F9EF-9531-947C1418508F}"
EndProject
Global
	GlobalSection(SolutionConfigurationPlatforms) = preSolution
		Debug|Any CPU = Debug|Any CPU
		Release|Any CPU = Release|Any CPU
	EndGlobalSection
	GlobalSection(ProjectConfigurationPlatforms) = postSolution
		{8A4EA43E-B6D1-F9EF-9531-947C1418508F}.Debug|Any CPU.ActiveCfg = Debug|Any CPU
		{8A4EA43E-B6D1-F9EF-9531-947C1418508F}.Debug|Any CPU.Build.0 = Debug|Any CPU
		{8A4EA43E-B6D1-F9EF-9531-947C1418508F}.Release|Any CPU.ActiveCfg = Release|Any CPU
		{8A4EA43E-B6D1-F9EF-9531-947C1418508F}.Release|Any CPU.Build.0 = Release|Any CPU
	EndGlobalSection
	GlobalSection(SolutionProperties) = preSolution
		HideSolutionNode = FALSE
	EndGlobalSection
	GlobalSection(ExtensibilityGlobals) = postSolution
		SolutionGuid = {64D27ED4-1119-4D02-913C-39E5A61DF179}
	EndGlobalSection
EndGlobal
