Microsoft Visual Studio Solution File, Format Version 12.00
# Visual Studio Version 17
VisualStudioVersion = 17.5.2.0
MinimumVisualStudioVersion = 10.0.40219.1
Project("{FAE04EC0-301F-11D3-BF4B-00C04F79EFBC}") = "12_fastFood", "12_fastFood.csproj", "{A789A80D-20E5-79F7-A44E-C303653B7090}"
EndProject
Global
	GlobalSection(SolutionConfigurationPlatforms) = preSolution
		Debug|Any CPU = Debug|Any CPU
		Release|Any CPU = Release|Any CPU
	EndGlobalSection
	GlobalSection(ProjectConfigurationPlatforms) = postSolution
		{A789A80D-20E5-79F7-A44E-C303653B7090}.Debug|Any CPU.ActiveCfg = Debug|Any CPU
		{A789A80D-20E5-79F7-A44E-C303653B7090}.Debug|Any CPU.Build.0 = Debug|Any CPU
		{A789A80D-20E5-79F7-A44E-C303653B7090}.Release|Any CPU.ActiveCfg = Release|Any CPU
		{A789A80D-20E5-79F7-A44E-C303653B7090}.Release|Any CPU.Build.0 = Release|Any CPU
	EndGlobalSection
	GlobalSection(SolutionProperties) = preSolution
		HideSolutionNode = FALSE
	EndGlobalSection
	GlobalSection(ExtensibilityGlobals) = postSolution
		SolutionGuid = {E6CDCAE3-F6EA-4935-A1FE-EE0FF6267415}
	EndGlobalSection
EndGlobal
