Microsoft Visual Studio Solution File, Format Version 12.00
# Visual Studio Version 17
VisualStudioVersion = 17.5.2.0
MinimumVisualStudioVersion = 10.0.40219.1
Project("{FAE04EC0-301F-11D3-BF4B-00C04F79EFBC}") = "ExtractSpecialBytes", "ExtractSpecialBytes.csproj", "{C63990F1-5BA6-65E1-2BF3-787DA6808C92}"
EndProject
Global
	GlobalSection(SolutionConfigurationPlatforms) = preSolution
		Debug|Any CPU = Debug|Any CPU
		Release|Any CPU = Release|Any CPU
	EndGlobalSection
	GlobalSection(ProjectConfigurationPlatforms) = postSolution
		{C63990F1-5BA6-65E1-2BF3-787DA6808C92}.Debug|Any CPU.ActiveCfg = Debug|Any CPU
		{C63990F1-5BA6-65E1-2BF3-787DA6808C92}.Debug|Any CPU.Build.0 = Debug|Any CPU
		{C63990F1-5BA6-65E1-2BF3-787DA6808C92}.Release|Any CPU.ActiveCfg = Release|Any CPU
		{C63990F1-5BA6-65E1-2BF3-787DA6808C92}.Release|Any CPU.Build.0 = Release|Any CPU
	EndGlobalSection
	GlobalSection(SolutionProperties) = preSolution
		HideSolutionNode = FALSE
	EndGlobalSection
	GlobalSection(ExtensibilityGlobals) = postSolution
		SolutionGuid = {EDD2F6E9-12B8-434A-ADCB-A36D3DA933D1}
	EndGlobalSection
EndGlobal
