Microsoft Visual Studio Solution File, Format Version 12.00
# Visual Studio Version 17
VisualStudioVersion = 17.5.2.0
MinimumVisualStudioVersion = 10.0.40219.1
Project("{FAE04EC0-301F-11D3-BF4B-00C04F79EFBC}") = "18_forcebook", "18_forcebook.csproj", "{387C7AF1-4366-627E-C958-AAB65392954C}"
EndProject
Global
	GlobalSection(SolutionConfigurationPlatforms) = preSolution
		Debug|Any CPU = Debug|Any CPU
		Release|Any CPU = Release|Any CPU
	EndGlobalSection
	GlobalSection(ProjectConfigurationPlatforms) = postSolution
		{387C7AF1-4366-627E-C958-AAB65392954C}.Debug|Any CPU.ActiveCfg = Debug|Any CPU
		{387C7AF1-4366-627E-C958-AAB65392954C}.Debug|Any CPU.Build.0 = Debug|Any CPU
		{387C7AF1-4366-627E-C958-AAB65392954C}.Release|Any CPU.ActiveCfg = Release|Any CPU
		{387C7AF1-4366-627E-C958-AAB65392954C}.Release|Any CPU.Build.0 = Release|Any CPU
	EndGlobalSection
	GlobalSection(SolutionProperties) = preSolution
		HideSolutionNode = FALSE
	EndGlobalSection
	GlobalSection(ExtensibilityGlobals) = postSolution
		SolutionGuid = {238493C3-F8F4-4223-AAA8-DD7080D593A1}
	EndGlobalSection
EndGlobal
