Microsoft Visual Studio Solution File, Format Version 12.00
# Visual Studio Version 17
VisualStudioVersion = 17.5.2.0
MinimumVisualStudioVersion = 10.0.40219.1
Project("{FAE04EC0-301F-11D3-BF4B-00C04F79EFBC}") = "13_carSalesman", "13_carSalesman.csproj", "{AE3D5EA3-D345-01E3-35CF-DFAE86DE027B}"
EndProject
Global
	GlobalSection(SolutionConfigurationPlatforms) = preSolution
		Debug|Any CPU = Debug|Any CPU
		Release|Any CPU = Release|Any CPU
	EndGlobalSection
	GlobalSection(ProjectConfigurationPlatforms) = postSolution
		{AE3D5EA3-D345-01E3-35CF-DFAE86DE027B}.Debug|Any CPU.ActiveCfg = Debug|Any CPU
		{AE3D5EA3-D345-01E3-35CF-DFAE86DE027B}.Debug|Any CPU.Build.0 = Debug|Any CPU
		{AE3D5EA3-D345-01E3-35CF-DFAE86DE027B}.Release|Any CPU.ActiveCfg = Release|Any CPU
		{AE3D5EA3-D345-01E3-35CF-DFAE86DE027B}.Release|Any CPU.Build.0 = Release|Any CPU
	EndGlobalSection
	GlobalSection(SolutionProperties) = preSolution
		HideSolutionNode = FALSE
	EndGlobalSection
	GlobalSection(ExtensibilityGlobals) = postSolution
		SolutionGuid = {6C3CEE7E-8011-4EE5-839E-E52279322A2D}
	EndGlobalSection
EndGlobal
