Microsoft Visual Studio Solution File, Format Version 12.00
# Visual Studio Version 17
VisualStudioVersion = 17.5.2.0
MinimumVisualStudioVersion = 10.0.40219.1
Project("{FAE04EC0-301F-11D3-BF4B-00C04F79EFBC}") = "16_ranking", "16_ranking.csproj", "{011A47B4-AF16-B679-F9FA-C8B2F570F74B}"
EndProject
Global
	GlobalSection(SolutionConfigurationPlatforms) = preSolution
		Debug|Any CPU = Debug|Any CPU
		Release|Any CPU = Release|Any CPU
	EndGlobalSection
	GlobalSection(ProjectConfigurationPlatforms) = postSolution
		{011A47B4-AF16-B679-F9FA-C8B2F570F74B}.Debug|Any CPU.ActiveCfg = Debug|Any CPU
		{011A47B4-AF16-B679-F9FA-C8B2F570F74B}.Debug|Any CPU.Build.0 = Debug|Any CPU
		{011A47B4-AF16-B679-F9FA-C8B2F570F74B}.Release|Any CPU.ActiveCfg = Release|Any CPU
		{011A47B4-AF16-B679-F9FA-C8B2F570F74B}.Release|Any CPU.Build.0 = Release|Any CPU
	EndGlobalSection
	GlobalSection(SolutionProperties) = preSolution
		HideSolutionNode = FALSE
	EndGlobalSection
	GlobalSection(ExtensibilityGlobals) = postSolution
		SolutionGuid = {F31BC952-2B9F-4C92-BDA1-4088DEFFF752}
	EndGlobalSection
EndGlobal
