Microsoft Visual Studio Solution File, Format Version 12.00
# Visual Studio Version 17
VisualStudioVersion = 17.5.2.0
MinimumVisualStudioVersion = 10.0.40219.1
Project("{FAE04EC0-301F-11D3-BF4B-00C04F79EFBC}") = "17_radioActiveVampireMutantBunnies", "17_radioActiveVampireMutantBunnies.csproj", "{96324A9A-67C5-850C-E877-94AA161CB958}"
EndProject
Global
	GlobalSection(SolutionConfigurationPlatforms) = preSolution
		Debug|Any CPU = Debug|Any CPU
		Release|Any CPU = Release|Any CPU
	EndGlobalSection
	GlobalSection(ProjectConfigurationPlatforms) = postSolution
		{96324A9A-67C5-850C-E877-94AA161CB958}.Debug|Any CPU.ActiveCfg = Debug|Any CPU
		{96324A9A-67C5-850C-E877-94AA161CB958}.Debug|Any CPU.Build.0 = Debug|Any CPU
		{96324A9A-67C5-850C-E877-94AA161CB958}.Release|Any CPU.ActiveCfg = Release|Any CPU
		{96324A9A-67C5-850C-E877-94AA161CB958}.Release|Any CPU.Build.0 = Release|Any CPU
	EndGlobalSection
	GlobalSection(SolutionProperties) = preSolution
		HideSolutionNode = FALSE
	EndGlobalSection
	GlobalSection(ExtensibilityGlobals) = postSolution
		SolutionGuid = {C2133BF7-7595-486A-B145-E96A4B8CBD6F}
	EndGlobalSection
EndGlobal
