Microsoft Visual Studio Solution File, Format Version 12.00
# Visual Studio Version 17
VisualStudioVersion = 17.5.2.0
MinimumVisualStudioVersion = 10.0.40219.1
Project("{FAE04EC0-301F-11D3-BF4B-00C04F79EFBC}") = "15_vLogger", "15_vLogger.csproj", "{7302A450-E34C-9971-19A8-6E23DC554969}"
EndProject
Global
	GlobalSection(SolutionConfigurationPlatforms) = preSolution
		Debug|Any CPU = Debug|Any CPU
		Release|Any CPU = Release|Any CPU
	EndGlobalSection
	GlobalSection(ProjectConfigurationPlatforms) = postSolution
		{7302A450-E34C-9971-19A8-6E23DC554969}.Debug|Any CPU.ActiveCfg = Debug|Any CPU
		{7302A450-E34C-9971-19A8-6E23DC554969}.Debug|Any CPU.Build.0 = Debug|Any CPU
		{7302A450-E34C-9971-19A8-6E23DC554969}.Release|Any CPU.ActiveCfg = Release|Any CPU
		{7302A450-E34C-9971-19A8-6E23DC554969}.Release|Any CPU.Build.0 = Release|Any CPU
	EndGlobalSection
	GlobalSection(SolutionProperties) = preSolution
		HideSolutionNode = FALSE
	EndGlobalSection
	GlobalSection(ExtensibilityGlobals) = postSolution
		SolutionGuid = {D17187C4-1333-4A45-A2E8-AD27F18F70F3}
	EndGlobalSection
EndGlobal
