Microsoft Visual Studio Solution File, Format Version 12.00
# Visual Studio Version 17
VisualStudioVersion = 17.5.2.0
MinimumVisualStudioVersion = 10.0.40219.1
Project("{FAE04EC0-301F-11D3-BF4B-00C04F79EFBC}") = "03_primaryDiagonal", "03_primaryDiagonal.csproj", "{77F89C29-819F-0A03-F449-568A3207284D}"
EndProject
Global
	GlobalSection(SolutionConfigurationPlatforms) = preSolution
		Debug|Any CPU = Debug|Any CPU
		Release|Any CPU = Release|Any CPU
	EndGlobalSection
	GlobalSection(ProjectConfigurationPlatforms) = postSolution
		{77F89C29-819F-0A03-F449-568A3207284D}.Debug|Any CPU.ActiveCfg = Debug|Any CPU
		{77F89C29-819F-0A03-F449-568A3207284D}.Debug|Any CPU.Build.0 = Debug|Any CPU
		{77F89C29-819F-0A03-F449-568A3207284D}.Release|Any CPU.ActiveCfg = Release|Any CPU
		{77F89C29-819F-0A03-F449-568A3207284D}.Release|Any CPU.Build.0 = Release|Any CPU
	EndGlobalSection
	GlobalSection(SolutionProperties) = preSolution
		HideSolutionNode = FALSE
	EndGlobalSection
	GlobalSection(ExtensibilityGlobals) = postSolution
		SolutionGuid = {B3E912A9-5FBC-4B84-8E79-B1B600A2AFD3}
	EndGlobalSection
EndGlobal
