Microsoft Visual Studio Solution File, Format Version 12.00
# Visual Studio Version 17
VisualStudioVersion = 17.5.2.0
MinimumVisualStudioVersion = 10.0.40219.1
Project("{FAE04EC0-301F-11D3-BF4B-00C04F79EFBC}") = "03_largestThreeNumbers", "03_largestThreeNumbers.csproj", "{9A6C228B-5F47-5B73-48F4-CF3FC42D62BC}"
EndProject
Global
	GlobalSection(SolutionConfigurationPlatforms) = preSolution
		Debug|Any CPU = Debug|Any CPU
		Release|Any CPU = Release|Any CPU
	EndGlobalSection
	GlobalSection(ProjectConfigurationPlatforms) = postSolution
		{9A6C228B-5F47-5B73-48F4-CF3FC42D62BC}.Debug|Any CPU.ActiveCfg = Debug|Any CPU
		{9A6C228B-5F47-5B73-48F4-CF3FC42D62BC}.Debug|Any CPU.Build.0 = Debug|Any CPU
		{9A6C228B-5F47-5B73-48F4-CF3FC42D62BC}.Release|Any CPU.ActiveCfg = Release|Any CPU
		{9A6C228B-5F47-5B73-48F4-CF3FC42D62BC}.Release|Any CPU.Build.0 = Release|Any CPU
	EndGlobalSection
	GlobalSection(SolutionProperties) = preSolution
		HideSolutionNode = FALSE
	EndGlobalSection
	GlobalSection(ExtensibilityGlobals) = postSolution
		SolutionGuid = {FD8D5994-0448-4EA9-B73B-FD1649DE3F7E}
	EndGlobalSection
EndGlobal
