Microsoft Visual Studio Solution File, Format Version 12.00
# Visual Studio Version 17
VisualStudioVersion = 17.5.2.0
MinimumVisualStudioVersion = 10.0.40219.1
Project("{FAE04EC0-301F-11D3-BF4B-00C04F79EFBC}") = "11_maxAndMinelement", "11_maxAndMinelement.csproj", "{193BC718-F9DB-1E18-015D-43E3244F3030}"
EndProject
Global
	GlobalSection(SolutionConfigurationPlatforms) = preSolution
		Debug|Any CPU = Debug|Any CPU
		Release|Any CPU = Release|Any CPU
	EndGlobalSection
	GlobalSection(ProjectConfigurationPlatforms) = postSolution
		{193BC718-F9DB-1E18-015D-43E3244F3030}.Debug|Any CPU.ActiveCfg = Debug|Any CPU
		{193BC718-F9DB-1E18-015D-43E3244F3030}.Debug|Any CPU.Build.0 = Debug|Any CPU
		{193BC718-F9DB-1E18-015D-43E3244F3030}.Release|Any CPU.ActiveCfg = Release|Any CPU
		{193BC718-F9DB-1E18-015D-43E3244F3030}.Release|Any CPU.Build.0 = Release|Any CPU
	EndGlobalSection
	GlobalSection(SolutionProperties) = preSolution
		HideSolutionNode = FALSE
	EndGlobalSection
	GlobalSection(ExtensibilityGlobals) = postSolution
		SolutionGuid = {F0B638C3-46FE-49E1-809A-0AADF92C983D}
	EndGlobalSection
EndGlobal
