Microsoft Visual Studio Solution File, Format Version 12.00
# Visual Studio Version 17
VisualStudioVersion = 17.5.2.0
MinimumVisualStudioVersion = 10.0.40219.1
Project("{FAE04EC0-301F-11D3-BF4B-00C04F79EFBC}") = "15_truckTour", "15_truckTour.csproj", "{96E4BE01-33BB-E4C5-3390-D2EB8007A41C}"
EndProject
Global
	GlobalSection(SolutionConfigurationPlatforms) = preSolution
		Debug|Any CPU = Debug|Any CPU
		Release|Any CPU = Release|Any CPU
	EndGlobalSection
	GlobalSection(ProjectConfigurationPlatforms) = postSolution
		{96E4BE01-33BB-E4C5-3390-D2EB8007A41C}.Debug|Any CPU.ActiveCfg = Debug|Any CPU
		{96E4BE01-33BB-E4C5-3390-D2EB8007A41C}.Debug|Any CPU.Build.0 = Debug|Any CPU
		{96E4BE01-33BB-E4C5-3390-D2EB8007A41C}.Release|Any CPU.ActiveCfg = Release|Any CPU
		{96E4BE01-33BB-E4C5-3390-D2EB8007A41C}.Release|Any CPU.Build.0 = Release|Any CPU
	EndGlobalSection
	GlobalSection(SolutionProperties) = preSolution
		HideSolutionNode = FALSE
	EndGlobalSection
	GlobalSection(ExtensibilityGlobals) = postSolution
		SolutionGuid = {E1FF0DEE-6B40-46CC-84D2-F5672120F8BB}
	EndGlobalSection
EndGlobal
